
Microsoft Visual Studio Solution File, Format Version 12.00
# Visual Studio Version 17
VisualStudioVersion = 17.9.34701.34
MinimumVisualStudioVersion = 10.0.40219.1
Project("{9A19103F-16F7-4668-BE54-9A1E7A4F7556}") = "Servicio2", "Servicio2\Servicio2.csproj", "{C627CB4D-5F87-4A67-BE1A-7D340435536F}"
EndProject
Project("{9A19103F-16F7-4668-BE54-9A1E7A4F7556}") = "Servicio1", "Servicio1\Servicio1.csproj", "{B23FDF2C-6DA5-4566-A3A1-B53C7AFC789E}"
EndProject
Global
	GlobalSection(SolutionConfigurationPlatforms) = preSolution
		Debug|Any CPU = Debug|Any CPU
		Release|Any CPU = Release|Any CPU
	EndGlobalSection
	GlobalSection(ProjectConfigurationPlatforms) = postSolution
		{C627CB4D-5F87-4A67-BE1A-7D340435536F}.Debug|Any CPU.ActiveCfg = Debug|Any CPU
		{C627CB4D-5F87-4A67-BE1A-7D340435536F}.Debug|Any CPU.Build.0 = Debug|Any CPU
		{C627CB4D-5F87-4A67-BE1A-7D340435536F}.Release|Any CPU.ActiveCfg = Release|Any CPU
		{C627CB4D-5F87-4A67-BE1A-7D340435536F}.Release|Any CPU.Build.0 = Release|Any CPU
		{B23FDF2C-6DA5-4566-A3A1-B53C7AFC789E}.Debug|Any CPU.ActiveCfg = Debug|Any CPU
		{B23FDF2C-6DA5-4566-A3A1-B53C7AFC789E}.Debug|Any CPU.Build.0 = Debug|Any CPU
		{B23FDF2C-6DA5-4566-A3A1-B53C7AFC789E}.Release|Any CPU.ActiveCfg = Release|Any CPU
		{B23FDF2C-6DA5-4566-A3A1-B53C7AFC789E}.Release|Any CPU.Build.0 = Release|Any CPU
	EndGlobalSection
	GlobalSection(SolutionProperties) = preSolution
		HideSolutionNode = FALSE
	EndGlobalSection
	GlobalSection(ExtensibilityGlobals) = postSolution
		SolutionGuid = {35E1B547-F7A0-4BDA-A2AD-887E0E43FDAE}
	EndGlobalSection
EndGlobal
